<?xml version="1.0" encoding="utf-8"?>
<Project ToolsVersion="4.0" xmlns="http://schemas.microsoft.com/developer/msbuild/2003">
  <ItemGroup>
    <Filter Include="src">
      <UniqueIdentifier>{2DAB880B-99B4-887C-2230-9F7C8E38947C}</UniqueIdentifier>
    </Filter>
    <Filter Include="src\Celestial">
      <UniqueIdentifier>{F28EEE51-5E4F-6A88-278A-B3059309AF64}</UniqueIdentifier>
    </Filter>
    <Filter Include="src\Celestial\Events">
      <UniqueIdentifier>{96B6F3BF-8245-7D89-2B64-918417D28D2F}</UniqueIdentifier>
    </Filter>
  </ItemGroup>
  <ItemGroup>
    <ClInclude Include="Celestial.h" />
    <ClInclude Include="src\Celestial\Application.h">
      <Filter>src\Celestial</Filter>
    </ClInclude>
    <ClInclude Include="src\Celestial\Core.h">
      <Filter>src\Celestial</Filter>
    </ClInclude>
    <ClInclude Include="src\Celestial\EntryPoint.h">
      <Filter>src\Celestial</Filter>
    </ClInclude>
    <ClInclude Include="src\Celestial\Events\ApplicationEvent.h">
      <Filter>src\Celestial\Events</Filter>
    </ClInclude>
    <ClInclude Include="src\Celestial\Events\Event.h">
      <Filter>src\Celestial\Events</Filter>
    </ClInclude>
    <ClInclude Include="src\Celestial\Events\KeyEvent.h">
      <Filter>src\Celestial\Events</Filter>
    </ClInclude>
    <ClInclude Include="src\Celestial\Events\MouseEvent.h">
      <Filter>src\Celestial\Events</Filter>
    </ClInclude>
    <ClInclude Include="src\Celestial\Log.h">
      <Filter>src\Celestial</Filter>
    </ClInclude>
    <ClInclude Include="src\clpch.h">
      <Filter>src</Filter>
    </ClInclude>
  </ItemGroup>
  <ItemGroup>
    <ClCompile Include="src\Celestial\Application.cpp">
      <Filter>src\Celestial</Filter>
    </ClCompile>
    <ClCompile Include="src\Celestial\Log.cpp">
      <Filter>src\Celestial</Filter>
    </ClCompile>
    <ClCompile Include="src\clpch.cpp">
      <Filter>src</Filter>
    </ClCompile>
  </ItemGroup>
</Project>